{
    "_meta": {
        "hash": {
            "sha256": "5530881c0afbe314ddc3056c12261a91d4009ff06f41fc1d9c2468bcced8adbe"
        },
        "pipfile-spec": 6,
        "requires": {},
        "sources": [
            {
                "name": "pypi",
                "url": "https://pypi.org/simple",
                "verify_ssl": true
            }
        ]
    },
    "default": {
        "sample-degradation": {
            "editable": true,
            "path": "."
        },
        "sanitized-package": {
            "editable": true,
            "path": "."
        }
    },
    "develop": {
        "sample-degradation": {
            "editable": true,
            "path": "."
        },
        "sanitized-package": {
            "editable": true,
            "path": "."
        }
    }
}
